{
  "name": "proxy",
  "version": "1.0.3",
  "lockfileVersion": 1,
  "requires": true,
  "dependencies": {
    "boostnode": {
      "version": "1.0.8",
      "resolved": "https://registry.npmjs.org/boostnode/-/boostnode-1.0.8.tgz",
      "integrity": "sha512-d2gGyqOecvJGNUaeoURHcjWJPfARNxtSkBoOhNpGK8aldMFfibwIh1EJ3drJ/JMrJOCu0A4TXzksWnR4vYC41A==",
      "dev": true
    },
    "bootstrap": {
      "version": "3.3.7",
      "resolved": "https://registry.npmjs.org/bootstrap/-/bootstrap-3.3.7.tgz",
      "integrity": "sha1-WjiTlFSfIzMIdaOxUGVldPip63E=",
      "dev": true
    },
    "clientnode": {
      "version": "1.0.315",
      "resolved": "https://registry.npmjs.org/clientnode/-/clientnode-1.0.315.tgz",
      "integrity": "sha512-9pCZ5tT3XLJ5MSqQGlQUCNjf29VApJ//form0K2arSbaJS6rPuUtp5Nrrc19nJ75RNUXXCPGjiJVhkCbLzyhmg==",
      "dev": true
    },
    "documentation-website": {
      "version": "1.0.86",
      "resolved": "https://registry.npmjs.org/documentation-website/-/documentation-website-1.0.86.tgz",
      "integrity": "sha512-OpJl6U9JqmjDZ2LinFPFiqC5F2gjmzpEOQD+dlbNIXAPlf3FUHpHo5T2Kv6khln0UwObMIEFuiFbnE1HeJU8Ew==",
      "dev": true,
      "requires": {
        "boostnode": "1.0.8",
        "website-utilities": "1.0.61"
      }
    },
    "internationalisation": {
      "version": "1.0.45",
      "resolved": "https://registry.npmjs.org/internationalisation/-/internationalisation-1.0.45.tgz",
      "integrity": "sha512-4IXHQ4lhetUcN2EeBrPrUzc6A3BiLD0c5qZx1PerDk3n+2f37q+cBFwUmzWsHcKf/EJL242FrMdhVh1ievQKKg==",
      "dev": true
    },
    "jquery": {
      "version": "3.2.1",
      "resolved": "https://registry.npmjs.org/jquery/-/jquery-3.2.1.tgz",
      "integrity": "sha1-XE2d5lKvbNCncBVKYxu6ErAVx4c=",
      "dev": true
    },
    "jquery.scrollto": {
      "version": "2.1.2",
      "resolved": "https://registry.npmjs.org/jquery.scrollto/-/jquery.scrollto-2.1.2.tgz",
      "integrity": "sha1-51gNnHrEbvW7JTGUg/b0VxP9fGw=",
      "dev": true,
      "requires": {
        "jquery": "3.2.1"
      }
    },
    "spin.js": {
      "version": "2.3.2",
      "resolved": "https://registry.npmjs.org/spin.js/-/spin.js-2.3.2.tgz",
      "integrity": "sha1-bKpW1SBnNFD9XPvGlx5tB3LDeho=",
      "dev": true
    },
    "website-utilities": {
      "version": "1.0.61",
      "resolved": "https://registry.npmjs.org/website-utilities/-/website-utilities-1.0.61.tgz",
      "integrity": "sha512-AC3urrYG0SFXX0vfL8pW8sDtkRJcrhpIYes722h2qnUtcZ/ZDo5dv2eIIkGktm66hQXl2s7SM/XuJFJ5DgFEbQ==",
      "dev": true,
      "requires": {
        "bootstrap": "3.3.7",
        "clientnode": "1.0.315",
        "internationalisation": "1.0.45",
        "jquery": "3.2.1",
        "jquery.scrollto": "2.1.2",
        "spin.js": "2.3.2"
      }
    }
  }
}
