# THIS IS AN AUTOGENERATED FILE. DO NOT EDIT THIS FILE DIRECTLY.
# yarn lockfile v1


documentation-website@*:
  version "1.0.315"
  resolved "https://registry.yarnpkg.com/documentation-website/-/documentation-website-1.0.315.tgz#a4350e6b119e01547a12ead2775a40fc335ac07b"
  integrity sha512-IEiXSgtJXvVl5NsYnYBZNWqBWCgcQvAP64hhbyEMGN6T1iiBn6+Chm8KZH3UGb5KzgVy5HyUpVF8UGr1haZQbw==
