# THIS IS AN AUTOGENERATED FILE. DO NOT EDIT THIS FILE DIRECTLY.
# yarn lockfile v1


documentation-website@*:
  version "1.0.306"
  resolved "https://registry.yarnpkg.com/documentation-website/-/documentation-website-1.0.306.tgz#f35270e730fb69ea3cfd7678b83ba114c5715a40"
  integrity sha512-7ZVURp/H166F0hPQ7evCT/XFltsZS9AgQm6+bW+jO8IYb36zF7yA4pS7iYHEkmnEkHasZRwTVLFj8T+DDEYFpA==
